{
  "object": {
    "pins": [
      {
        "package": "SwiftDaemon",
        "repositoryURL": "https://github.com/hanjoes/swift-daemon",
        "state": {
          "branch": null,
          "revision": "6cbe06bf7c1493d48f3bebd14f7ec5d83b4f159e",
          "version": "1.1.0"
        }
      },
      {
        "package": "SwiftGit",
        "repositoryURL": "https://github.com/hanjoes/swift-git",
        "state": {
          "branch": null,
          "revision": "fec4d4b0cfade6512045861ec47bfdc73734409c",
          "version": "1.3.5"
        }
      },
      {
        "package": "SwiftPawn",
        "repositoryURL": "https://github.com/hanjoes/swift-pawn",
        "state": {
          "branch": null,
          "revision": "728a0505a90da404d5b8b099e50b2d9857414edb",
          "version": "1.0.2"
        }
      },
      {
        "package": "Termbo",
        "repositoryURL": "https://github.com/hanjoes/Termbo",
        "state": {
          "branch": null,
          "revision": "1e41df0c458706135d80f9e44214b9a55988204d",
          "version": "0.1.2"
        }
      }
    ]
  },
  "version": 1
}
