{
  "object": {
    "pins": [
      {
        "package": "SwiftDaemon",
        "repositoryURL": "https://github.com/hanjoes/swift-daemon",
        "state": {
          "branch": null,
          "revision": "6cbe06bf7c1493d48f3bebd14f7ec5d83b4f159e",
          "version": "1.1.0"
        }
      },
      {
        "package": "SwiftGit",
        "repositoryURL": "https://github.com/hanjoes/swift-git",
        "state": {
          "branch": null,
          "revision": "c7b5db2215c5161c6880e24094dc133e37c8c554",
          "version": "1.3.4"
        }
      },
      {
        "package": "SwiftPawn",
        "repositoryURL": "https://github.com/hanjoes/swift-pawn",
        "state": {
          "branch": null,
          "revision": "a12563a4c575c5d080cd3673cb1bc09bfe8ca104",
          "version": "1.0.0"
        }
      },
      {
        "package": "Termbo",
        "repositoryURL": "https://github.com/hanjoes/Termbo",
        "state": {
          "branch": null,
          "revision": "1e41df0c458706135d80f9e44214b9a55988204d",
          "version": "0.1.2"
        }
      }
    ]
  },
  "version": 1
}
