{
  "object": {
    "pins": [
      {
        "package": "SwiftDaemon",
        "repositoryURL": "https://github.com/hanjoes/swift-daemon",
        "state": {
          "branch": null,
          "revision": "6cbe06bf7c1493d48f3bebd14f7ec5d83b4f159e",
          "version": "1.1.0"
        }
      },
      {
        "package": "SwiftGit",
        "repositoryURL": "https://github.com/hanjoes/swift-git",
        "state": {
          "branch": null,
          "revision": "7487e35e5bffb17481f258ee965639476a897ba5",
          "version": "2.0.1"
        }
      },
      {
        "package": "SwiftPawn",
        "repositoryURL": "https://github.com/hanjoes/swift-pawn",
        "state": {
          "branch": null,
          "revision": "38266bd4d41096a9a60ac6803c1473d4b6e1c23d",
          "version": "1.0.4"
        }
      },
      {
        "package": "swift-termina",
        "repositoryURL": "https://github.com/hanjoes/swift-termina",
        "state": {
          "branch": null,
          "revision": "d5e8ac8d6a43c95812b4d562a8dcc5e99a2b6338",
          "version": "1.0.0"
        }
      }
    ]
  },
  "version": 1
}
